
Microsoft Visual Studio Solution File, Format Version 12.00
# Visual Studio Version 17
VisualStudioVersion = 17.7.34202.233
MinimumVisualStudioVersion = 10.0.40219.1
Project("{FAE04EC0-301F-11D3-BF4B-00C04F79EFBC}") = "SachOnline", "SachOnline.csproj", "{81676AAF-C29D-473F-98E1-A1B392D6E445}"
EndProject
Global
	GlobalSection(SolutionConfigurationPlatforms) = preSolution
		Debug|Any CPU = Debug|Any CPU
		Release|Any CPU = Release|Any CPU
	EndGlobalSection
	GlobalSection(ProjectConfigurationPlatforms) = postSolution
		{81676AAF-C29D-473F-98E1-A1B392D6E445}.Debug|Any CPU.ActiveCfg = Debug|Any CPU
		{81676AAF-C29D-473F-98E1-A1B392D6E445}.Debug|Any CPU.Build.0 = Debug|Any CPU
		{81676AAF-C29D-473F-98E1-A1B392D6E445}.Release|Any CPU.ActiveCfg = Release|Any CPU
		{81676AAF-C29D-473F-98E1-A1B392D6E445}.Release|Any CPU.Build.0 = Release|Any CPU
	EndGlobalSection
	GlobalSection(SolutionProperties) = preSolution
		HideSolutionNode = FALSE
	EndGlobalSection
	GlobalSection(ExtensibilityGlobals) = postSolution
		SolutionGuid = {F26F93E1-6D69-4218-9596-93FECDA67392}
	EndGlobalSection
EndGlobal
